
Microsoft Visual Studio Solution File, Format Version 12.00
# Visual Studio 14
VisualStudioVersion = 14.0.25123.0
MinimumVisualStudioVersion = 10.0.40219.1
Project("{FAE04EC0-301F-11D3-BF4B-00C04F79EFBC}") = "NFC.Web", "NFC.Web\NFC.Web.csproj", "{C956A9C1-94BF-4B0C-81B2-49D8E2C7A897}"
EndProject
Project("{2150E333-8FDC-42A3-9474-1A3956D46DE8}") = "Web", "Web", "{B1B4927F-9FAE-4FB2-9055-449DE5B0BCAA}"
EndProject
Project("{2150E333-8FDC-42A3-9474-1A3956D46DE8}") = "Common", "Common", "{3AD5D792-A51E-45AD-97B6-CA1CE5A3FB2E}"
EndProject
Project("{2150E333-8FDC-42A3-9474-1A3956D46DE8}") = "Logic", "Logic", "{F22D5C79-98E2-4683-8AED-ABE44FD8CD61}"
EndProject
Project("{FAE04EC0-301F-11D3-BF4B-00C04F79EFBC}") = "NFC.Common", "NFC.Common\NFC.Common.csproj", "{D96C1905-E49C-4594-8A6B-7F1421FD83FA}"
EndProject
Project("{FAE04EC0-301F-11D3-BF4B-00C04F79EFBC}") = "NFC.Logic", "NFC.Logic\NFC.Logic.csproj", "{182B861B-17A0-4B45-97E6-6C74D6E34499}"
EndProject
Project("{2150E333-8FDC-42A3-9474-1A3956D46DE8}") = "Factory", "Factory", "{22AD69A9-C9D5-4AD5-86ED-8B4E15DA3393}"
EndProject
Project("{FAE04EC0-301F-11D3-BF4B-00C04F79EFBC}") = "NFC.Factory", "NFC.Factory\NFC.Factory.csproj", "{3B4925C3-B5AA-4782-A1FB-CDE794F48B08}"
EndProject
Global
	GlobalSection(SolutionConfigurationPlatforms) = preSolution
		Debug|Any CPU = Debug|Any CPU
		Release|Any CPU = Release|Any CPU
	EndGlobalSection
	GlobalSection(ProjectConfigurationPlatforms) = postSolution
		{C956A9C1-94BF-4B0C-81B2-49D8E2C7A897}.Debug|Any CPU.ActiveCfg = Debug|Any CPU
		{C956A9C1-94BF-4B0C-81B2-49D8E2C7A897}.Debug|Any CPU.Build.0 = Debug|Any CPU
		{C956A9C1-94BF-4B0C-81B2-49D8E2C7A897}.Release|Any CPU.ActiveCfg = Release|Any CPU
		{C956A9C1-94BF-4B0C-81B2-49D8E2C7A897}.Release|Any CPU.Build.0 = Release|Any CPU
		{D96C1905-E49C-4594-8A6B-7F1421FD83FA}.Debug|Any CPU.ActiveCfg = Debug|Any CPU
		{D96C1905-E49C-4594-8A6B-7F1421FD83FA}.Debug|Any CPU.Build.0 = Debug|Any CPU
		{D96C1905-E49C-4594-8A6B-7F1421FD83FA}.Release|Any CPU.ActiveCfg = Release|Any CPU
		{D96C1905-E49C-4594-8A6B-7F1421FD83FA}.Release|Any CPU.Build.0 = Release|Any CPU
		{182B861B-17A0-4B45-97E6-6C74D6E34499}.Debug|Any CPU.ActiveCfg = Debug|Any CPU
		{182B861B-17A0-4B45-97E6-6C74D6E34499}.Debug|Any CPU.Build.0 = Debug|Any CPU
		{182B861B-17A0-4B45-97E6-6C74D6E34499}.Release|Any CPU.ActiveCfg = Release|Any CPU
		{182B861B-17A0-4B45-97E6-6C74D6E34499}.Release|Any CPU.Build.0 = Release|Any CPU
		{3B4925C3-B5AA-4782-A1FB-CDE794F48B08}.Debug|Any CPU.ActiveCfg = Debug|Any CPU
		{3B4925C3-B5AA-4782-A1FB-CDE794F48B08}.Debug|Any CPU.Build.0 = Debug|Any CPU
		{3B4925C3-B5AA-4782-A1FB-CDE794F48B08}.Release|Any CPU.ActiveCfg = Release|Any CPU
		{3B4925C3-B5AA-4782-A1FB-CDE794F48B08}.Release|Any CPU.Build.0 = Release|Any CPU
	EndGlobalSection
	GlobalSection(SolutionProperties) = preSolution
		HideSolutionNode = FALSE
	EndGlobalSection
	GlobalSection(NestedProjects) = preSolution
		{C956A9C1-94BF-4B0C-81B2-49D8E2C7A897} = {B1B4927F-9FAE-4FB2-9055-449DE5B0BCAA}
		{D96C1905-E49C-4594-8A6B-7F1421FD83FA} = {3AD5D792-A51E-45AD-97B6-CA1CE5A3FB2E}
		{182B861B-17A0-4B45-97E6-6C74D6E34499} = {F22D5C79-98E2-4683-8AED-ABE44FD8CD61}
		{3B4925C3-B5AA-4782-A1FB-CDE794F48B08} = {22AD69A9-C9D5-4AD5-86ED-8B4E15DA3393}
	EndGlobalSection
EndGlobal
